{
    "name": "@tailus/themer",
    "version": "0.0.1",
    "lockfileVersion": 3,
    "requires": true,
    "packages": {
        "": {
            "name": "@tailus/themer",
            "version": "0.0.1",
            "license": "MIT",
            "dependencies": {
                "lilconfig": "^2.1.0"
            }
        },
        "node_modules/lilconfig": {
            "version": "2.1.0",
            "resolved": "https://registry.npmjs.org/lilconfig/-/lilconfig-2.1.0.tgz",
            "integrity": "sha512-utWOt/GHzuUxnLKxB6dk81RoOeoNeHgbrXiuGk4yyF5qlRz+iIVWu56E2fqGHFrXz0QNUhLB/8nKqvRH66JKGQ==",
            "engines": {
                "node": ">=10"
            }
        }
    }
}
