{
    "name": "@tailus/themer-card",
    "version": "0.0.1",
    "lockfileVersion": 3,
    "requires": true,
    "packages": {
        "": {
            "name": "@tailus/themer-card",
            "version": "0.0.1",
            "license": "MIT",
            "dependencies": {
                "@types/node": "^20.5.9"
            }
        },
        "node_modules/@types/node": {
            "version": "20.8.2",
            "resolved": "https://registry.npmjs.org/@types/node/-/node-20.8.2.tgz",
            "integrity": "sha512-Vvycsc9FQdwhxE3y3DzeIxuEJbWGDsnrxvMADzTDF/lcdR9/K+AQIeAghTQsHtotg/q0j3WEOYS/jQgSdWue3w=="
        }
    }
}
