{
    "name": "@tailus/themer-flag",
    "version": "0.0.1",
    "lockfileVersion": 3,
    "requires": true,
    "packages": {
        "": {
            "name": "@tailus/themer-flag",
            "version": "0.0.1",
            "license": "MIT",
            "dependencies": {
                "@types/node": "^20.5.9",
                "tailwind-merge": "^1.14.0"
            }
        },
        "../button": {
            "name": "@tailus/themer-button",
            "version": "0.0.1",
            "extraneous": true,
            "license": "MIT",
            "dependencies": {
                "@types/node": "^20.5.9"
            }
        },
        "node_modules/@types/node": {
            "version": "20.6.2",
            "resolved": "https://registry.npmjs.org/@types/node/-/node-20.6.2.tgz",
            "integrity": "sha512-Y+/1vGBHV/cYk6OI1Na/LHzwnlNCAfU3ZNGrc1LdRe/LAIbdDPTTv/HU3M7yXN448aTVDq3eKRm2cg7iKLb8gw=="
        },
        "node_modules/tailwind-merge": {
            "version": "1.14.0",
            "resolved": "https://registry.npmjs.org/tailwind-merge/-/tailwind-merge-1.14.0.tgz",
            "integrity": "sha512-3mFKyCo/MBcgyOTlrY8T7odzZFx+w+qKSMAmdFzRvqBfLlSigU6TZnlFHK0lkMwj9Bj8OYU+9yW9lmGuS0QEnQ==",
            "funding": {
                "type": "github",
                "url": "https://github.com/sponsors/dcastil"
            }
        }
    }
}
